
Microsoft Visual Studio Solution File, Format Version 12.00
# Visual Studio Version 17
VisualStudioVersion = 17.12.35521.163 d17.12
MinimumVisualStudioVersion = 10.0.40219.1
Project("{2150E333-8FDC-42A3-9474-1A3956D46DE8}") = "src", "src", "{D50539F9-C7C8-42C7-AFFA-9D0AABDBFD65}"
EndProject
Project("{FAE04EC0-301F-11D3-BF4B-00C04F79EFBC}") = "Domain", "Domain\Domain.csproj", "{76FB2744-1436-4DEF-920A-CEF674B17435}"
EndProject
Project("{FAE04EC0-301F-11D3-BF4B-00C04F79EFBC}") = "Application", "Application\Application.csproj", "{2BD07CF3-FD69-491A-A1BC-C547738879C7}"
EndProject
Project("{FAE04EC0-301F-11D3-BF4B-00C04F79EFBC}") = "Infrastructure", "Infrastructure\Infrastructure.csproj", "{6B8BC1D4-0E12-4B6E-8C2B-EA68FB19DCDC}"
EndProject
Project("{FAE04EC0-301F-11D3-BF4B-00C04F79EFBC}") = "Presentation", "Presentation\Presentation.csproj", "{7077C224-830E-4044-813B-61FBD8AE27DC}"
EndProject
Global
	GlobalSection(SolutionConfigurationPlatforms) = preSolution
		Debug|Any CPU = Debug|Any CPU
		Release|Any CPU = Release|Any CPU
	EndGlobalSection
	GlobalSection(ProjectConfigurationPlatforms) = postSolution
		{76FB2744-1436-4DEF-920A-CEF674B17435}.Debug|Any CPU.ActiveCfg = Debug|Any CPU
		{76FB2744-1436-4DEF-920A-CEF674B17435}.Debug|Any CPU.Build.0 = Debug|Any CPU
		{76FB2744-1436-4DEF-920A-CEF674B17435}.Release|Any CPU.ActiveCfg = Release|Any CPU
		{76FB2744-1436-4DEF-920A-CEF674B17435}.Release|Any CPU.Build.0 = Release|Any CPU
		{2BD07CF3-FD69-491A-A1BC-C547738879C7}.Debug|Any CPU.ActiveCfg = Debug|Any CPU
		{2BD07CF3-FD69-491A-A1BC-C547738879C7}.Debug|Any CPU.Build.0 = Debug|Any CPU
		{2BD07CF3-FD69-491A-A1BC-C547738879C7}.Release|Any CPU.ActiveCfg = Release|Any CPU
		{2BD07CF3-FD69-491A-A1BC-C547738879C7}.Release|Any CPU.Build.0 = Release|Any CPU
		{6B8BC1D4-0E12-4B6E-8C2B-EA68FB19DCDC}.Debug|Any CPU.ActiveCfg = Debug|Any CPU
		{6B8BC1D4-0E12-4B6E-8C2B-EA68FB19DCDC}.Debug|Any CPU.Build.0 = Debug|Any CPU
		{6B8BC1D4-0E12-4B6E-8C2B-EA68FB19DCDC}.Release|Any CPU.ActiveCfg = Release|Any CPU
		{6B8BC1D4-0E12-4B6E-8C2B-EA68FB19DCDC}.Release|Any CPU.Build.0 = Release|Any CPU
		{7077C224-830E-4044-813B-61FBD8AE27DC}.Debug|Any CPU.ActiveCfg = Debug|Any CPU
		{7077C224-830E-4044-813B-61FBD8AE27DC}.Debug|Any CPU.Build.0 = Debug|Any CPU
		{7077C224-830E-4044-813B-61FBD8AE27DC}.Release|Any CPU.ActiveCfg = Release|Any CPU
		{7077C224-830E-4044-813B-61FBD8AE27DC}.Release|Any CPU.Build.0 = Release|Any CPU
	EndGlobalSection
	GlobalSection(SolutionProperties) = preSolution
		HideSolutionNode = FALSE
	EndGlobalSection
	GlobalSection(NestedProjects) = preSolution
		{76FB2744-1436-4DEF-920A-CEF674B17435} = {D50539F9-C7C8-42C7-AFFA-9D0AABDBFD65}
		{2BD07CF3-FD69-491A-A1BC-C547738879C7} = {D50539F9-C7C8-42C7-AFFA-9D0AABDBFD65}
		{6B8BC1D4-0E12-4B6E-8C2B-EA68FB19DCDC} = {D50539F9-C7C8-42C7-AFFA-9D0AABDBFD65}
		{7077C224-830E-4044-813B-61FBD8AE27DC} = {D50539F9-C7C8-42C7-AFFA-9D0AABDBFD65}
	EndGlobalSection
EndGlobal
